
Microsoft Visual Studio Solution File, Format Version 12.00
# Visual Studio 15
VisualStudioVersion = 15.0.27004.2006
MinimumVisualStudioVersion = 10.0.40219.1
Project("{FAE04EC0-301F-11D3-BF4B-00C04F79EFBC}") = "RoslynPlay", "RoslynPlay\RoslynPlay.csproj", "{694A2D78-0D19-472B-AAD2-2F3AA234EFEB}"
EndProject
Global
	GlobalSection(SolutionConfigurationPlatforms) = preSolution
		Debug|Any CPU = Debug|Any CPU
		Release|Any CPU = Release|Any CPU
	EndGlobalSection
	GlobalSection(ProjectConfigurationPlatforms) = postSolution
		{694A2D78-0D19-472B-AAD2-2F3AA234EFEB}.Debug|Any CPU.ActiveCfg = Debug|Any CPU
		{694A2D78-0D19-472B-AAD2-2F3AA234EFEB}.Debug|Any CPU.Build.0 = Debug|Any CPU
		{694A2D78-0D19-472B-AAD2-2F3AA234EFEB}.Release|Any CPU.ActiveCfg = Release|Any CPU
		{694A2D78-0D19-472B-AAD2-2F3AA234EFEB}.Release|Any CPU.Build.0 = Release|Any CPU
	EndGlobalSection
	GlobalSection(SolutionProperties) = preSolution
		HideSolutionNode = FALSE
	EndGlobalSection
	GlobalSection(ExtensibilityGlobals) = postSolution
		SolutionGuid = {C8819441-E25F-4A1E-87C2-C73D25B7D08F}
	EndGlobalSection
EndGlobal
